// !$*UTF8*$!
{
	archiveVersion = 1;
	classes = {
	};
	objectVersion = 50;
	objects = {

/* Begin PBXBuildFile section */
		6CBF78D27EFCDC37386AFBBD /* Pods_helpMariaTests.framework in Frameworks */ = {isa = PBXBuildFile; fileRef = 21139CD400A36D3B02FBA9AF /* Pods_helpMariaTests.framework */; };
		7D6959B7227E7597002F07B1 /* Constants.swift in Sources */ = {isa = PBXBuildFile; fileRef = 7D6959B6227E7597002F07B1 /* Constants.swift */; };
		7D96E58E227F6CCF00D9A28A /* SplashViewController.swift in Sources */ = {isa = PBXBuildFile; fileRef = 7D96E58D227F6CCF00D9A28A /* SplashViewController.swift */; };
		7DEEBD29227EA33600D05760 /* BannerCollectionViewCell.swift in Sources */ = {isa = PBXBuildFile; fileRef = 7DEEBD28227EA33600D05760 /* BannerCollectionViewCell.swift */; };
		C35DEE7A7DA11CE5534ABA36 /* Pods_helpMaria.framework in Frameworks */ = {isa = PBXBuildFile; fileRef = B012DD75F23F9F901A7854B9 /* Pods_helpMaria.framework */; };
		EF649953228CBFB5005F702A /* CheckoutViewController.swift in Sources */ = {isa = PBXBuildFile; fileRef = EF649952228CBFB5005F702A /* CheckoutViewController.swift */; };
		EFA059EA2287657100F54567 /* WorkerCell.xib in Resources */ = {isa = PBXBuildFile; fileRef = EFA059E92287657100F54567 /* WorkerCell.xib */; };
		EFA059EC2287678A00F54567 /* ListMariaViewController.swift in Sources */ = {isa = PBXBuildFile; fileRef = EFA059EB2287678A00F54567 /* ListMariaViewController.swift */; };
		EFA059EF2287792D00F54567 /* SelectServiceCollectionViewCell.swift in Sources */ = {isa = PBXBuildFile; fileRef = EFA059EE2287792D00F54567 /* SelectServiceCollectionViewCell.swift */; };
		EFC3752E2287C8EA00016357 /* ServiceFilterCollectionViewCell.swift in Sources */ = {isa = PBXBuildFile; fileRef = EFC3752D2287C8EA00016357 /* ServiceFilterCollectionViewCell.swift */; };
		EFC375302287CCC000016357 /* FilterViewController.swift in Sources */ = {isa = PBXBuildFile; fileRef = EFC3752F2287CCC000016357 /* FilterViewController.swift */; };
		EFC375322287CDFD00016357 /* Delegates.swift in Sources */ = {isa = PBXBuildFile; fileRef = EFC375312287CDFD00016357 /* Delegates.swift */; };
		EFC3753422889D5600016357 /* ServiceDetailCollectionViewCell.swift in Sources */ = {isa = PBXBuildFile; fileRef = EFC3753322889D5600016357 /* ServiceDetailCollectionViewCell.swift */; };
		EFC375362288A6BA00016357 /* DetailMariaViewController.swift in Sources */ = {isa = PBXBuildFile; fileRef = EFC375352288A6BA00016357 /* DetailMariaViewController.swift */; };
		EFF38FD72278902D00E8883C /* AppDelegate.swift in Sources */ = {isa = PBXBuildFile; fileRef = EFF38FD62278902D00E8883C /* AppDelegate.swift */; };
		EFF38FD92278902D00E8883C /* ViewController.swift in Sources */ = {isa = PBXBuildFile; fileRef = EFF38FD82278902D00E8883C /* ViewController.swift */; };
		EFF38FDC2278902D00E8883C /* Home.storyboard in Resources */ = {isa = PBXBuildFile; fileRef = EFF38FDA2278902D00E8883C /* Home.storyboard */; };
		EFF38FDE2278902F00E8883C /* Assets.xcassets in Resources */ = {isa = PBXBuildFile; fileRef = EFF38FDD2278902F00E8883C /* Assets.xcassets */; };
		EFF38FE12278902F00E8883C /* LaunchScreen.storyboard in Resources */ = {isa = PBXBuildFile; fileRef = EFF38FDF2278902F00E8883C /* LaunchScreen.storyboard */; };
		EFF38FEC2278902F00E8883C /* helpMariaTests.swift in Sources */ = {isa = PBXBuildFile; fileRef = EFF38FEB2278902F00E8883C /* helpMariaTests.swift */; };
		EFF38FF72278902F00E8883C /* helpMariaUITests.swift in Sources */ = {isa = PBXBuildFile; fileRef = EFF38FF62278902F00E8883C /* helpMariaUITests.swift */; };
		EFF39007227895D200E8883C /* Service.swift in Sources */ = {isa = PBXBuildFile; fileRef = EFF39006227895D200E8883C /* Service.swift */; };
		EFF3900A2278963000E8883C /* ServiceType.swift in Sources */ = {isa = PBXBuildFile; fileRef = EFF390092278963000E8883C /* ServiceType.swift */; };
		EFF3900C2278990F00E8883C /* User.swift in Sources */ = {isa = PBXBuildFile; fileRef = EFF3900B2278990F00E8883C /* User.swift */; };
		EFF3900F22789A9B00E8883C /* HomeViewController.swift in Sources */ = {isa = PBXBuildFile; fileRef = EFF3900E22789A9B00E8883C /* HomeViewController.swift */; };
		EFF390112278ED8300E8883C /* Worker.swift in Sources */ = {isa = PBXBuildFile; fileRef = EFF390102278ED8300E8883C /* Worker.swift */; };
		EFF390132278EE4500E8883C /* Certificate.swift in Sources */ = {isa = PBXBuildFile; fileRef = EFF390122278EE4500E8883C /* Certificate.swift */; };
		EFF390172278F03000E8883C /* WorkerTableViewCell.swift in Sources */ = {isa = PBXBuildFile; fileRef = EFF390162278F03000E8883C /* WorkerTableViewCell.swift */; };
		EFF390192278F11D00E8883C /* ServiceCollectionViewCell.swift in Sources */ = {isa = PBXBuildFile; fileRef = EFF390182278F11D00E8883C /* ServiceCollectionViewCell.swift */; };
		EFF3901C227905E200E8883C /* Extension.swift in Sources */ = {isa = PBXBuildFile; fileRef = EFF3901B227905E200E8883C /* Extension.swift */; };
		F201AECF93D3CB48C2C90C1E /* Pods_helpMariaUITests.framework in Frameworks */ = {isa = PBXBuildFile; fileRef = AA77B7EE9A2020E0453EB12C /* Pods_helpMariaUITests.framework */; };
/* End PBXBuildFile section */

/* Begin PBXContainerItemProxy section */
		EFF38FE82278902F00E8883C /* PBXContainerItemProxy */ = {
			isa = PBXContainerItemProxy;
			containerPortal = EFF38FCB2278902D00E8883C /* Project object */;
			proxyType = 1;
			remoteGlobalIDString = EFF38FD22278902D00E8883C;
			remoteInfo = helpMaria;
		};
		EFF38FF32278902F00E8883C /* PBXContainerItemProxy */ = {
			isa = PBXContainerItemProxy;
			containerPortal = EFF38FCB2278902D00E8883C /* Project object */;
			proxyType = 1;
			remoteGlobalIDString = EFF38FD22278902D00E8883C;
			remoteInfo = helpMaria;
		};
/* End PBXContainerItemProxy section */

/* Begin PBXFileReference section */
		21139CD400A36D3B02FBA9AF /* Pods_helpMariaTests.framework */ = {isa = PBXFileReference; explicitFileType = wrapper.framework; includeInIndex = 0; path = Pods_helpMariaTests.framework; sourceTree = BUILT_PRODUCTS_DIR; };
		2761EAD04389E534AF7C8FEC /* Pods-helpMariaUITests.release.xcconfig */ = {isa = PBXFileReference; includeInIndex = 1; lastKnownFileType = text.xcconfig; name = "Pods-helpMariaUITests.release.xcconfig"; path = "Pods/Target Support Files/Pods-helpMariaUITests/Pods-helpMariaUITests.release.xcconfig"; sourceTree = "<group>"; };
		277017FA9DC6D6E21FABC12B /* Pods-helpMariaUITests.debug.xcconfig */ = {isa = PBXFileReference; includeInIndex = 1; lastKnownFileType = text.xcconfig; name = "Pods-helpMariaUITests.debug.xcconfig"; path = "Pods/Target Support Files/Pods-helpMariaUITests/Pods-helpMariaUITests.debug.xcconfig"; sourceTree = "<group>"; };
		284E3E7D4276D13302681A18 /* Pods-helpMaria.release.xcconfig */ = {isa = PBXFileReference; includeInIndex = 1; lastKnownFileType = text.xcconfig; name = "Pods-helpMaria.release.xcconfig"; path = "Pods/Target Support Files/Pods-helpMaria/Pods-helpMaria.release.xcconfig"; sourceTree = "<group>"; };
		2AE8266335F670B7C407FEA7 /* Pods-helpMariaTests.release.xcconfig */ = {isa = PBXFileReference; includeInIndex = 1; lastKnownFileType = text.xcconfig; name = "Pods-helpMariaTests.release.xcconfig"; path = "Pods/Target Support Files/Pods-helpMariaTests/Pods-helpMariaTests.release.xcconfig"; sourceTree = "<group>"; };
		3CAAF7F5521F34D9722B6EDE /* Pods-helpMaria.debug.xcconfig */ = {isa = PBXFileReference; includeInIndex = 1; lastKnownFileType = text.xcconfig; name = "Pods-helpMaria.debug.xcconfig"; path = "Pods/Target Support Files/Pods-helpMaria/Pods-helpMaria.debug.xcconfig"; sourceTree = "<group>"; };
		7D6959B6227E7597002F07B1 /* Constants.swift */ = {isa = PBXFileReference; lastKnownFileType = sourcecode.swift; path = Constants.swift; sourceTree = "<group>"; };
		7D96E58D227F6CCF00D9A28A /* SplashViewController.swift */ = {isa = PBXFileReference; lastKnownFileType = sourcecode.swift; path = SplashViewController.swift; sourceTree = "<group>"; };
		7DEEBD28227EA33600D05760 /* BannerCollectionViewCell.swift */ = {isa = PBXFileReference; lastKnownFileType = sourcecode.swift; path = BannerCollectionViewCell.swift; sourceTree = "<group>"; };
		AA77B7EE9A2020E0453EB12C /* Pods_helpMariaUITests.framework */ = {isa = PBXFileReference; explicitFileType = wrapper.framework; includeInIndex = 0; path = Pods_helpMariaUITests.framework; sourceTree = BUILT_PRODUCTS_DIR; };
		B012DD75F23F9F901A7854B9 /* Pods_helpMaria.framework */ = {isa = PBXFileReference; explicitFileType = wrapper.framework; includeInIndex = 0; path = Pods_helpMaria.framework; sourceTree = BUILT_PRODUCTS_DIR; };
		B4F7084DD1A715A7717E3107 /* Pods-helpMariaTests.debug.xcconfig */ = {isa = PBXFileReference; includeInIndex = 1; lastKnownFileType = text.xcconfig; name = "Pods-helpMariaTests.debug.xcconfig"; path = "Pods/Target Support Files/Pods-helpMariaTests/Pods-helpMariaTests.debug.xcconfig"; sourceTree = "<group>"; };
		EF618E2F2280AF5F00F6CF0C /* Roboto-Medium.ttf */ = {isa = PBXFileReference; lastKnownFileType = file; path = "Roboto-Medium.ttf"; sourceTree = "<group>"; };
		EF618E302280AF5F00F6CF0C /* Roboto-Bold.ttf */ = {isa = PBXFileReference; lastKnownFileType = file; path = "Roboto-Bold.ttf"; sourceTree = "<group>"; };
		EF618E312280AF6000F6CF0C /* Roboto-Thin.ttf */ = {isa = PBXFileReference; lastKnownFileType = file; path = "Roboto-Thin.ttf"; sourceTree = "<group>"; };
		EF618E322280AF6000F6CF0C /* Roboto-ThinItalic.ttf */ = {isa = PBXFileReference; lastKnownFileType = file; path = "Roboto-ThinItalic.ttf"; sourceTree = "<group>"; };
		EF618E332280AF6000F6CF0C /* Roboto-Italic.ttf */ = {isa = PBXFileReference; lastKnownFileType = file; path = "Roboto-Italic.ttf"; sourceTree = "<group>"; };
		EF618E342280AF6000F6CF0C /* Roboto-MediumItalic.ttf */ = {isa = PBXFileReference; lastKnownFileType = file; path = "Roboto-MediumItalic.ttf"; sourceTree = "<group>"; };
		EF618E352280AF6100F6CF0C /* Roboto-Light.ttf */ = {isa = PBXFileReference; lastKnownFileType = file; path = "Roboto-Light.ttf"; sourceTree = "<group>"; };
		EF618E362280AF6100F6CF0C /* Roboto-Black.ttf */ = {isa = PBXFileReference; lastKnownFileType = file; path = "Roboto-Black.ttf"; sourceTree = "<group>"; };
		EF618E372280AF6100F6CF0C /* Roboto-LightItalic.ttf */ = {isa = PBXFileReference; lastKnownFileType = file; path = "Roboto-LightItalic.ttf"; sourceTree = "<group>"; };
		EF618E382280AF6200F6CF0C /* Roboto-BoldItalic.ttf */ = {isa = PBXFileReference; lastKnownFileType = file; path = "Roboto-BoldItalic.ttf"; sourceTree = "<group>"; };
		EF618E392280AF6200F6CF0C /* Roboto-BlackItalic.ttf */ = {isa = PBXFileReference; lastKnownFileType = file; path = "Roboto-BlackItalic.ttf"; sourceTree = "<group>"; };
		EF618E3A2280AF6200F6CF0C /* Roboto-Regular.ttf */ = {isa = PBXFileReference; lastKnownFileType = file; path = "Roboto-Regular.ttf"; sourceTree = "<group>"; };
		EF649952228CBFB5005F702A /* CheckoutViewController.swift */ = {isa = PBXFileReference; lastKnownFileType = sourcecode.swift; path = CheckoutViewController.swift; sourceTree = "<group>"; };
		EFA059E92287657100F54567 /* WorkerCell.xib */ = {isa = PBXFileReference; lastKnownFileType = file.xib; path = WorkerCell.xib; sourceTree = "<group>"; };
		EFA059EB2287678A00F54567 /* ListMariaViewController.swift */ = {isa = PBXFileReference; lastKnownFileType = sourcecode.swift; path = ListMariaViewController.swift; sourceTree = "<group>"; };
		EFA059EE2287792D00F54567 /* SelectServiceCollectionViewCell.swift */ = {isa = PBXFileReference; lastKnownFileType = sourcecode.swift; path = SelectServiceCollectionViewCell.swift; sourceTree = "<group>"; };
		EFC3752D2287C8EA00016357 /* ServiceFilterCollectionViewCell.swift */ = {isa = PBXFileReference; lastKnownFileType = sourcecode.swift; path = ServiceFilterCollectionViewCell.swift; sourceTree = "<group>"; };
		EFC3752F2287CCC000016357 /* FilterViewController.swift */ = {isa = PBXFileReference; lastKnownFileType = sourcecode.swift; path = FilterViewController.swift; sourceTree = "<group>"; };
		EFC375312287CDFD00016357 /* Delegates.swift */ = {isa = PBXFileReference; lastKnownFileType = sourcecode.swift; path = Delegates.swift; sourceTree = "<group>"; };
		EFC3753322889D5600016357 /* ServiceDetailCollectionViewCell.swift */ = {isa = PBXFileReference; lastKnownFileType = sourcecode.swift; path = ServiceDetailCollectionViewCell.swift; sourceTree = "<group>"; };
		EFC375352288A6BA00016357 /* DetailMariaViewController.swift */ = {isa = PBXFileReference; lastKnownFileType = sourcecode.swift; path = DetailMariaViewController.swift; sourceTree = "<group>"; };
		EFF38FD32278902D00E8883C /* helpMaria.app */ = {isa = PBXFileReference; explicitFileType = wrapper.application; includeInIndex = 0; path = helpMaria.app; sourceTree = BUILT_PRODUCTS_DIR; };
		EFF38FD62278902D00E8883C /* AppDelegate.swift */ = {isa = PBXFileReference; lastKnownFileType = sourcecode.swift; path = AppDelegate.swift; sourceTree = "<group>"; };
		EFF38FD82278902D00E8883C /* ViewController.swift */ = {isa = PBXFileReference; lastKnownFileType = sourcecode.swift; path = ViewController.swift; sourceTree = "<group>"; };
		EFF38FDB2278902D00E8883C /* Base */ = {isa = PBXFileReference; lastKnownFileType = file.storyboard; name = Base; path = Base.lproj/Home.storyboard; sourceTree = "<group>"; };
		EFF38FDD2278902F00E8883C /* Assets.xcassets */ = {isa = PBXFileReference; lastKnownFileType = folder.assetcatalog; path = Assets.xcassets; sourceTree = "<group>"; };
		EFF38FE02278902F00E8883C /* Base */ = {isa = PBXFileReference; lastKnownFileType = file.storyboard; name = Base; path = Base.lproj/LaunchScreen.storyboard; sourceTree = "<group>"; };
		EFF38FE22278902F00E8883C /* Info.plist */ = {isa = PBXFileReference; lastKnownFileType = text.plist.xml; path = Info.plist; sourceTree = "<group>"; };
		EFF38FE72278902F00E8883C /* helpMariaTests.xctest */ = {isa = PBXFileReference; explicitFileType = wrapper.cfbundle; includeInIndex = 0; path = helpMariaTests.xctest; sourceTree = BUILT_PRODUCTS_DIR; };
		EFF38FEB2278902F00E8883C /* helpMariaTests.swift */ = {isa = PBXFileReference; lastKnownFileType = sourcecode.swift; path = helpMariaTests.swift; sourceTree = "<group>"; };
		EFF38FED2278902F00E8883C /* Info.plist */ = {isa = PBXFileReference; lastKnownFileType = text.plist.xml; path = Info.plist; sourceTree = "<group>"; };
		EFF38FF22278902F00E8883C /* helpMariaUITests.xctest */ = {isa = PBXFileReference; explicitFileType = wrapper.cfbundle; includeInIndex = 0; path = helpMariaUITests.xctest; sourceTree = BUILT_PRODUCTS_DIR; };
		EFF38FF62278902F00E8883C /* helpMariaUITests.swift */ = {isa = PBXFileReference; lastKnownFileType = sourcecode.swift; path = helpMariaUITests.swift; sourceTree = "<group>"; };
		EFF38FF82278902F00E8883C /* Info.plist */ = {isa = PBXFileReference; lastKnownFileType = text.plist.xml; path = Info.plist; sourceTree = "<group>"; };
		EFF39006227895D200E8883C /* Service.swift */ = {isa = PBXFileReference; lastKnownFileType = sourcecode.swift; path = Service.swift; sourceTree = "<group>"; };
		EFF390092278963000E8883C /* ServiceType.swift */ = {isa = PBXFileReference; lastKnownFileType = sourcecode.swift; path = ServiceType.swift; sourceTree = "<group>"; };
		EFF3900B2278990F00E8883C /* User.swift */ = {isa = PBXFileReference; lastKnownFileType = sourcecode.swift; path = User.swift; sourceTree = "<group>"; };
		EFF3900E22789A9B00E8883C /* HomeViewController.swift */ = {isa = PBXFileReference; lastKnownFileType = sourcecode.swift; path = HomeViewController.swift; sourceTree = "<group>"; };
		EFF390102278ED8300E8883C /* Worker.swift */ = {isa = PBXFileReference; lastKnownFileType = sourcecode.swift; path = Worker.swift; sourceTree = "<group>"; };
		EFF390122278EE4500E8883C /* Certificate.swift */ = {isa = PBXFileReference; lastKnownFileType = sourcecode.swift; path = Certificate.swift; sourceTree = "<group>"; };
		EFF390162278F03000E8883C /* WorkerTableViewCell.swift */ = {isa = PBXFileReference; lastKnownFileType = sourcecode.swift; path = WorkerTableViewCell.swift; sourceTree = "<group>"; };
		EFF390182278F11D00E8883C /* ServiceCollectionViewCell.swift */ = {isa = PBXFileReference; lastKnownFileType = sourcecode.swift; path = ServiceCollectionViewCell.swift; sourceTree = "<group>"; };
		EFF3901B227905E200E8883C /* Extension.swift */ = {isa = PBXFileReference; lastKnownFileType = sourcecode.swift; path = Extension.swift; sourceTree = "<group>"; };
/* End PBXFileReference section */

/* Begin PBXFrameworksBuildPhase section */
		EFF38FD02278902D00E8883C /* Frameworks */ = {
			isa = PBXFrameworksBuildPhase;
			buildActionMask = 2147483647;
			files = (
				C35DEE7A7DA11CE5534ABA36 /* Pods_helpMaria.framework in Frameworks */,
			);
			runOnlyForDeploymentPostprocessing = 0;
		};
		EFF38FE42278902F00E8883C /* Frameworks */ = {
			isa = PBXFrameworksBuildPhase;
			buildActionMask = 2147483647;
			files = (
				6CBF78D27EFCDC37386AFBBD /* Pods_helpMariaTests.framework in Frameworks */,
			);
			runOnlyForDeploymentPostprocessing = 0;
		};
		EFF38FEF2278902F00E8883C /* Frameworks */ = {
			isa = PBXFrameworksBuildPhase;
			buildActionMask = 2147483647;
			files = (
				F201AECF93D3CB48C2C90C1E /* Pods_helpMariaUITests.framework in Frameworks */,
			);
			runOnlyForDeploymentPostprocessing = 0;
		};
/* End PBXFrameworksBuildPhase section */

/* Begin PBXGroup section */
		0476A33129AAEDC15A1F2F9E /* Frameworks */ = {
			isa = PBXGroup;
			children = (
				B012DD75F23F9F901A7854B9 /* Pods_helpMaria.framework */,
				21139CD400A36D3B02FBA9AF /* Pods_helpMariaTests.framework */,
				AA77B7EE9A2020E0453EB12C /* Pods_helpMariaUITests.framework */,
			);
			name = Frameworks;
			sourceTree = "<group>";
		};
		5B215E23711DCD466842CD0F /* Pods */ = {
			isa = PBXGroup;
			children = (
				3CAAF7F5521F34D9722B6EDE /* Pods-helpMaria.debug.xcconfig */,
				284E3E7D4276D13302681A18 /* Pods-helpMaria.release.xcconfig */,
				B4F7084DD1A715A7717E3107 /* Pods-helpMariaTests.debug.xcconfig */,
				2AE8266335F670B7C407FEA7 /* Pods-helpMariaTests.release.xcconfig */,
				277017FA9DC6D6E21FABC12B /* Pods-helpMariaUITests.debug.xcconfig */,
				2761EAD04389E534AF7C8FEC /* Pods-helpMariaUITests.release.xcconfig */,
			);
			name = Pods;
			sourceTree = "<group>";
		};
		7D695995227E1B56002F07B1 /* Font */ = {
			isa = PBXGroup;
			children = (
				EF618E362280AF6100F6CF0C /* Roboto-Black.ttf */,
				EF618E392280AF6200F6CF0C /* Roboto-BlackItalic.ttf */,
				EF618E302280AF5F00F6CF0C /* Roboto-Bold.ttf */,
				EF618E382280AF6200F6CF0C /* Roboto-BoldItalic.ttf */,
				EF618E332280AF6000F6CF0C /* Roboto-Italic.ttf */,
				EF618E352280AF6100F6CF0C /* Roboto-Light.ttf */,
				EF618E372280AF6100F6CF0C /* Roboto-LightItalic.ttf */,
				EF618E2F2280AF5F00F6CF0C /* Roboto-Medium.ttf */,
				EF618E342280AF6000F6CF0C /* Roboto-MediumItalic.ttf */,
				EF618E3A2280AF6200F6CF0C /* Roboto-Regular.ttf */,
				EF618E312280AF6000F6CF0C /* Roboto-Thin.ttf */,
				EF618E322280AF6000F6CF0C /* Roboto-ThinItalic.ttf */,
			);
			path = Font;
			sourceTree = "<group>";
		};
		EFA059E82287654C00F54567 /* WorkersCell */ = {
			isa = PBXGroup;
			children = (
				EFF390162278F03000E8883C /* WorkerTableViewCell.swift */,
				EFA059E92287657100F54567 /* WorkerCell.xib */,
			);
			path = WorkersCell;
			sourceTree = "<group>";
		};
		EFA059F022879CCB00F54567 /* SelectServiceCollectionCell */ = {
			isa = PBXGroup;
			children = (
				EFA059EE2287792D00F54567 /* SelectServiceCollectionViewCell.swift */,
			);
			path = SelectServiceCollectionCell;
			sourceTree = "<group>";
		};
		EFF38FCA2278902D00E8883C = {
			isa = PBXGroup;
			children = (
				EFF38FD52278902D00E8883C /* helpMaria */,
				EFF38FEA2278902F00E8883C /* helpMariaTests */,
				EFF38FF52278902F00E8883C /* helpMariaUITests */,
				EFF38FD42278902D00E8883C /* Products */,
				5B215E23711DCD466842CD0F /* Pods */,
				0476A33129AAEDC15A1F2F9E /* Frameworks */,
			);
			sourceTree = "<group>";
		};
		EFF38FD42278902D00E8883C /* Products */ = {
			isa = PBXGroup;
			children = (
				EFF38FD32278902D00E8883C /* helpMaria.app */,
				EFF38FE72278902F00E8883C /* helpMariaTests.xctest */,
				EFF38FF22278902F00E8883C /* helpMariaUITests.xctest */,
			);
			name = Products;
			sourceTree = "<group>";
		};
		EFF38FD52278902D00E8883C /* helpMaria */ = {
			isa = PBXGroup;
			children = (
				7D695995227E1B56002F07B1 /* Font */,
				EFF3901A227905D000E8883C /* Utils */,
				EFF390152278EF9900E8883C /* TableViewCells */,
				EFF390142278EF8E00E8883C /* CollectionCells */,
				EFF3900D22789A3E00E8883C /* Storyboard */,
				EFF390082278961900E8883C /* Enuns */,
				EFF390052278958000E8883C /* Models */,
				EFF390042278957400E8883C /* Scene */,
				EFF38FD62278902D00E8883C /* AppDelegate.swift */,
				EFF38FD82278902D00E8883C /* ViewController.swift */,
				EFF38FDD2278902F00E8883C /* Assets.xcassets */,
				EFF38FE22278902F00E8883C /* Info.plist */,
			);
			path = helpMaria;
			sourceTree = "<group>";
		};
		EFF38FEA2278902F00E8883C /* helpMariaTests */ = {
			isa = PBXGroup;
			children = (
				EFF38FEB2278902F00E8883C /* helpMariaTests.swift */,
				EFF38FED2278902F00E8883C /* Info.plist */,
			);
			path = helpMariaTests;
			sourceTree = "<group>";
		};
		EFF38FF52278902F00E8883C /* helpMariaUITests */ = {
			isa = PBXGroup;
			children = (
				EFF38FF62278902F00E8883C /* helpMariaUITests.swift */,
				EFF38FF82278902F00E8883C /* Info.plist */,
			);
			path = helpMariaUITests;
			sourceTree = "<group>";
		};
		EFF390042278957400E8883C /* Scene */ = {
			isa = PBXGroup;
			children = (
				EFF3900E22789A9B00E8883C /* HomeViewController.swift */,
				7D96E58D227F6CCF00D9A28A /* SplashViewController.swift */,
				EFA059EB2287678A00F54567 /* ListMariaViewController.swift */,
				EFC3752F2287CCC000016357 /* FilterViewController.swift */,
				EFC375352288A6BA00016357 /* DetailMariaViewController.swift */,
				EF649952228CBFB5005F702A /* CheckoutViewController.swift */,
			);
			path = Scene;
			sourceTree = "<group>";
		};
		EFF390052278958000E8883C /* Models */ = {
			isa = PBXGroup;
			children = (
				EFF39006227895D200E8883C /* Service.swift */,
				EFF3900B2278990F00E8883C /* User.swift */,
				EFF390102278ED8300E8883C /* Worker.swift */,
				EFF390122278EE4500E8883C /* Certificate.swift */,
			);
			path = Models;
			sourceTree = "<group>";
		};
		EFF390082278961900E8883C /* Enuns */ = {
			isa = PBXGroup;
			children = (
				EFF390092278963000E8883C /* ServiceType.swift */,
			);
			path = Enuns;
			sourceTree = "<group>";
		};
		EFF3900D22789A3E00E8883C /* Storyboard */ = {
			isa = PBXGroup;
			children = (
				EFF38FDF2278902F00E8883C /* LaunchScreen.storyboard */,
				EFF38FDA2278902D00E8883C /* Home.storyboard */,
			);
			path = Storyboard;
			sourceTree = "<group>";
		};
		EFF390142278EF8E00E8883C /* CollectionCells */ = {
			isa = PBXGroup;
			children = (
				EFA059F022879CCB00F54567 /* SelectServiceCollectionCell */,
				EFF390182278F11D00E8883C /* ServiceCollectionViewCell.swift */,
				7DEEBD28227EA33600D05760 /* BannerCollectionViewCell.swift */,
				EFC3752D2287C8EA00016357 /* ServiceFilterCollectionViewCell.swift */,
				EFC3753322889D5600016357 /* ServiceDetailCollectionViewCell.swift */,
			);
			path = CollectionCells;
			sourceTree = "<group>";
		};
		EFF390152278EF9900E8883C /* TableViewCells */ = {
			isa = PBXGroup;
			children = (
				EFA059E82287654C00F54567 /* WorkersCell */,
			);
			path = TableViewCells;
			sourceTree = "<group>";
		};
		EFF3901A227905D000E8883C /* Utils */ = {
			isa = PBXGroup;
			children = (
				EFF3901B227905E200E8883C /* Extension.swift */,
				7D6959B6227E7597002F07B1 /* Constants.swift */,
				EFC375312287CDFD00016357 /* Delegates.swift */,
			);
			path = Utils;
			sourceTree = "<group>";
		};
/* End PBXGroup section */

/* Begin PBXNativeTarget section */
		EFF38FD22278902D00E8883C /* helpMaria */ = {
			isa = PBXNativeTarget;
			buildConfigurationList = EFF38FFB2278902F00E8883C /* Build configuration list for PBXNativeTarget "helpMaria" */;
			buildPhases = (
				40780E892B2AAC5C780D918A /* [CP] Check Pods Manifest.lock */,
				EFF38FCF2278902D00E8883C /* Sources */,
				EFF38FD02278902D00E8883C /* Frameworks */,
				EFF38FD12278902D00E8883C /* Resources */,
				31059258E1AA064AB61569A9 /* [CP] Embed Pods Frameworks */,
			);
			buildRules = (
			);
			dependencies = (
			);
			name = helpMaria;
			productName = helpMaria;
			productReference = EFF38FD32278902D00E8883C /* helpMaria.app */;
			productType = "com.apple.product-type.application";
		};
		EFF38FE62278902F00E8883C /* helpMariaTests */ = {
			isa = PBXNativeTarget;
			buildConfigurationList = EFF38FFE2278902F00E8883C /* Build configuration list for PBXNativeTarget "helpMariaTests" */;
			buildPhases = (
				ACC974B664348180E18B7400 /* [CP] Check Pods Manifest.lock */,
				EFF38FE32278902F00E8883C /* Sources */,
				EFF38FE42278902F00E8883C /* Frameworks */,
				EFF38FE52278902F00E8883C /* Resources */,
			);
			buildRules = (
			);
			dependencies = (
				EFF38FE92278902F00E8883C /* PBXTargetDependency */,
			);
			name = helpMariaTests;
			productName = helpMariaTests;
			productReference = EFF38FE72278902F00E8883C /* helpMariaTests.xctest */;
			productType = "com.apple.product-type.bundle.unit-test";
		};
		EFF38FF12278902F00E8883C /* helpMariaUITests */ = {
			isa = PBXNativeTarget;
			buildConfigurationList = EFF390012278902F00E8883C /* Build configuration list for PBXNativeTarget "helpMariaUITests" */;
			buildPhases = (
				2ECB11278C09F5A3ACA401E9 /* [CP] Check Pods Manifest.lock */,
				EFF38FEE2278902F00E8883C /* Sources */,
				EFF38FEF2278902F00E8883C /* Frameworks */,
				EFF38FF02278902F00E8883C /* Resources */,
			);
			buildRules = (
			);
			dependencies = (
				EFF38FF42278902F00E8883C /* PBXTargetDependency */,
			);
			name = helpMariaUITests;
			productName = helpMariaUITests;
			productReference = EFF38FF22278902F00E8883C /* helpMariaUITests.xctest */;
			productType = "com.apple.product-type.bundle.ui-testing";
		};
/* End PBXNativeTarget section */

/* Begin PBXProject section */
		EFF38FCB2278902D00E8883C /* Project object */ = {
			isa = PBXProject;
			attributes = {
				LastSwiftUpdateCheck = 1020;
				LastUpgradeCheck = 1020;
				ORGANIZATIONNAME = "Alexandre Thadeu";
				TargetAttributes = {
					EFF38FD22278902D00E8883C = {
						CreatedOnToolsVersion = 10.2;
					};
					EFF38FE62278902F00E8883C = {
						CreatedOnToolsVersion = 10.2;
						TestTargetID = EFF38FD22278902D00E8883C;
					};
					EFF38FF12278902F00E8883C = {
						CreatedOnToolsVersion = 10.2;
						TestTargetID = EFF38FD22278902D00E8883C;
					};
				};
			};
			buildConfigurationList = EFF38FCE2278902D00E8883C /* Build configuration list for PBXProject "helpMaria" */;
			compatibilityVersion = "Xcode 9.3";
			developmentRegion = en;
			hasScannedForEncodings = 0;
			knownRegions = (
				en,
				Base,
			);
			mainGroup = EFF38FCA2278902D00E8883C;
			productRefGroup = EFF38FD42278902D00E8883C /* Products */;
			projectDirPath = "";
			projectRoot = "";
			targets = (
				EFF38FD22278902D00E8883C /* helpMaria */,
				EFF38FE62278902F00E8883C /* helpMariaTests */,
				EFF38FF12278902F00E8883C /* helpMariaUITests */,
			);
		};
/* End PBXProject section */

/* Begin PBXResourcesBuildPhase section */
		EFF38FD12278902D00E8883C /* Resources */ = {
			isa = PBXResourcesBuildPhase;
			buildActionMask = 2147483647;
			files = (
				EFF38FE12278902F00E8883C /* LaunchScreen.storyboard in Resources */,
				EFA059EA2287657100F54567 /* WorkerCell.xib in Resources */,
				EFF38FDE2278902F00E8883C /* Assets.xcassets in Resources */,
				EFF38FDC2278902D00E8883C /* Home.storyboard in Resources */,
			);
			runOnlyForDeploymentPostprocessing = 0;
		};
		EFF38FE52278902F00E8883C /* Resources */ = {
			isa = PBXResourcesBuildPhase;
			buildActionMask = 2147483647;
			files = (
			);
			runOnlyForDeploymentPostprocessing = 0;
		};
		EFF38FF02278902F00E8883C /* Resources */ = {
			isa = PBXResourcesBuildPhase;
			buildActionMask = 2147483647;
			files = (
			);
			runOnlyForDeploymentPostprocessing = 0;
		};
/* End PBXResourcesBuildPhase section */

/* Begin PBXShellScriptBuildPhase section */
		2ECB11278C09F5A3ACA401E9 /* [CP] Check Pods Manifest.lock */ = {
			isa = PBXShellScriptBuildPhase;
			buildActionMask = 2147483647;
			files = (
			);
			inputFileListPaths = (
			);
			inputPaths = (
				"${PODS_PODFILE_DIR_PATH}/Podfile.lock",
				"${PODS_ROOT}/Manifest.lock",
			);
			name = "[CP] Check Pods Manifest.lock";
			outputFileListPaths = (
			);
			outputPaths = (
				"$(DERIVED_FILE_DIR)/Pods-helpMariaUITests-checkManifestLockResult.txt",
			);
			runOnlyForDeploymentPostprocessing = 0;
			shellPath = /bin/sh;
			shellScript = "diff \"${PODS_PODFILE_DIR_PATH}/Podfile.lock\" \"${PODS_ROOT}/Manifest.lock\" > /dev/null\nif [ $? != 0 ] ; then\n    # print error to STDERR\n    echo \"error: The sandbox is not in sync with the Podfile.lock. Run 'pod install' or update your CocoaPods installation.\" >&2\n    exit 1\nfi\n# This output is used by Xcode 'outputs' to avoid re-running this script phase.\necho \"SUCCESS\" > \"${SCRIPT_OUTPUT_FILE_0}\"\n";
			showEnvVarsInLog = 0;
		};
		31059258E1AA064AB61569A9 /* [CP] Embed Pods Frameworks */ = {
			isa = PBXShellScriptBuildPhase;
			buildActionMask = 2147483647;
			files = (
			);
			inputFileListPaths = (
			);
			inputPaths = (
				"${SRCROOT}/Pods/Target Support Files/Pods-helpMaria/Pods-helpMaria-frameworks.sh",
				"${BUILT_PRODUCTS_DIR}/RevealingSplashView/RevealingSplashView.framework",
			);
			name = "[CP] Embed Pods Frameworks";
			outputFileListPaths = (
			);
			outputPaths = (
				"${TARGET_BUILD_DIR}/${FRAMEWORKS_FOLDER_PATH}/RevealingSplashView.framework",
			);
			runOnlyForDeploymentPostprocessing = 0;
			shellPath = /bin/sh;
			shellScript = "\"${SRCROOT}/Pods/Target Support Files/Pods-helpMaria/Pods-helpMaria-frameworks.sh\"\n";
			showEnvVarsInLog = 0;
		};
		40780E892B2AAC5C780D918A /* [CP] Check Pods Manifest.lock */ = {
			isa = PBXShellScriptBuildPhase;
			buildActionMask = 2147483647;
			files = (
			);
			inputFileListPaths = (
			);
			inputPaths = (
				"${PODS_PODFILE_DIR_PATH}/Podfile.lock",
				"${PODS_ROOT}/Manifest.lock",
			);
			name = "[CP] Check Pods Manifest.lock";
			outputFileListPaths = (
			);
			outputPaths = (
				"$(DERIVED_FILE_DIR)/Pods-helpMaria-checkManifestLockResult.txt",
			);
			runOnlyForDeploymentPostprocessing = 0;
			shellPath = /bin/sh;
			shellScript = "diff \"${PODS_PODFILE_DIR_PATH}/Podfile.lock\" \"${PODS_ROOT}/Manifest.lock\" > /dev/null\nif [ $? != 0 ] ; then\n    # print error to STDERR\n    echo \"error: The sandbox is not in sync with the Podfile.lock. Run 'pod install' or update your CocoaPods installation.\" >&2\n    exit 1\nfi\n# This output is used by Xcode 'outputs' to avoid re-running this script phase.\necho \"SUCCESS\" > \"${SCRIPT_OUTPUT_FILE_0}\"\n";
			showEnvVarsInLog = 0;
		};
		ACC974B664348180E18B7400 /* [CP] Check Pods Manifest.lock */ = {
			isa = PBXShellScriptBuildPhase;
			buildActionMask = 2147483647;
			files = (
			);
			inputFileListPaths = (
			);
			inputPaths = (
				"${PODS_PODFILE_DIR_PATH}/Podfile.lock",
				"${PODS_ROOT}/Manifest.lock",
			);
			name = "[CP] Check Pods Manifest.lock";
			outputFileListPaths = (
			);
			outputPaths = (
				"$(DERIVED_FILE_DIR)/Pods-helpMariaTests-checkManifestLockResult.txt",
			);
			runOnlyForDeploymentPostprocessing = 0;
			shellPath = /bin/sh;
			shellScript = "diff \"${PODS_PODFILE_DIR_PATH}/Podfile.lock\" \"${PODS_ROOT}/Manifest.lock\" > /dev/null\nif [ $? != 0 ] ; then\n    # print error to STDERR\n    echo \"error: The sandbox is not in sync with the Podfile.lock. Run 'pod install' or update your CocoaPods installation.\" >&2\n    exit 1\nfi\n# This output is used by Xcode 'outputs' to avoid re-running this script phase.\necho \"SUCCESS\" > \"${SCRIPT_OUTPUT_FILE_0}\"\n";
			showEnvVarsInLog = 0;
		};
/* End PBXShellScriptBuildPhase section */

/* Begin PBXSourcesBuildPhase section */
		EFF38FCF2278902D00E8883C /* Sources */ = {
			isa = PBXSourcesBuildPhase;
			buildActionMask = 2147483647;
			files = (
				EFC375362288A6BA00016357 /* DetailMariaViewController.swift in Sources */,
				EFA059EC2287678A00F54567 /* ListMariaViewController.swift in Sources */,
				EFF390192278F11D00E8883C /* ServiceCollectionViewCell.swift in Sources */,
				EFF38FD92278902D00E8883C /* ViewController.swift in Sources */,
				EFF39007227895D200E8883C /* Service.swift in Sources */,
				EFF38FD72278902D00E8883C /* AppDelegate.swift in Sources */,
				EFF3901C227905E200E8883C /* Extension.swift in Sources */,
				7D96E58E227F6CCF00D9A28A /* SplashViewController.swift in Sources */,
				EFC375322287CDFD00016357 /* Delegates.swift in Sources */,
				7DEEBD29227EA33600D05760 /* BannerCollectionViewCell.swift in Sources */,
				EFA059EF2287792D00F54567 /* SelectServiceCollectionViewCell.swift in Sources */,
				EFF390172278F03000E8883C /* WorkerTableViewCell.swift in Sources */,
				EFF390132278EE4500E8883C /* Certificate.swift in Sources */,
				EFF3900C2278990F00E8883C /* User.swift in Sources */,
				EFC375302287CCC000016357 /* FilterViewController.swift in Sources */,
				EFF3900A2278963000E8883C /* ServiceType.swift in Sources */,
				EF649953228CBFB5005F702A /* CheckoutViewController.swift in Sources */,
				EFF3900F22789A9B00E8883C /* HomeViewController.swift in Sources */,
				EFF390112278ED8300E8883C /* Worker.swift in Sources */,
				EFC3752E2287C8EA00016357 /* ServiceFilterCollectionViewCell.swift in Sources */,
				7D6959B7227E7597002F07B1 /* Constants.swift in Sources */,
				EFC3753422889D5600016357 /* ServiceDetailCollectionViewCell.swift in Sources */,
			);
			runOnlyForDeploymentPostprocessing = 0;
		};
		EFF38FE32278902F00E8883C /* Sources */ = {
			isa = PBXSourcesBuildPhase;
			buildActionMask = 2147483647;
			files = (
				EFF38FEC2278902F00E8883C /* helpMariaTests.swift in Sources */,
			);
			runOnlyForDeploymentPostprocessing = 0;
		};
		EFF38FEE2278902F00E8883C /* Sources */ = {
			isa = PBXSourcesBuildPhase;
			buildActionMask = 2147483647;
			files = (
				EFF38FF72278902F00E8883C /* helpMariaUITests.swift in Sources */,
			);
			runOnlyForDeploymentPostprocessing = 0;
		};
/* End PBXSourcesBuildPhase section */

/* Begin PBXTargetDependency section */
		EFF38FE92278902F00E8883C /* PBXTargetDependency */ = {
			isa = PBXTargetDependency;
			target = EFF38FD22278902D00E8883C /* helpMaria */;
			targetProxy = EFF38FE82278902F00E8883C /* PBXContainerItemProxy */;
		};
		EFF38FF42278902F00E8883C /* PBXTargetDependency */ = {
			isa = PBXTargetDependency;
			target = EFF38FD22278902D00E8883C /* helpMaria */;
			targetProxy = EFF38FF32278902F00E8883C /* PBXContainerItemProxy */;
		};
/* End PBXTargetDependency section */

/* Begin PBXVariantGroup section */
		EFF38FDA2278902D00E8883C /* Home.storyboard */ = {
			isa = PBXVariantGroup;
			children = (
				EFF38FDB2278902D00E8883C /* Base */,
			);
			name = Home.storyboard;
			sourceTree = "<group>";
		};
		EFF38FDF2278902F00E8883C /* LaunchScreen.storyboard */ = {
			isa = PBXVariantGroup;
			children = (
				EFF38FE02278902F00E8883C /* Base */,
			);
			name = LaunchScreen.storyboard;
			sourceTree = "<group>";
		};
/* End PBXVariantGroup section */

/* Begin XCBuildConfiguration section */
		EFF38FF92278902F00E8883C /* Debug */ = {
			isa = XCBuildConfiguration;
			buildSettings = {
				ALWAYS_SEARCH_USER_PATHS = NO;
				CLANG_ANALYZER_NONNULL = YES;
				CLANG_ANALYZER_NUMBER_OBJECT_CONVERSION = YES_AGGRESSIVE;
				CLANG_CXX_LANGUAGE_STANDARD = "gnu++14";
				CLANG_CXX_LIBRARY = "libc++";
				CLANG_ENABLE_MODULES = YES;
				CLANG_ENABLE_OBJC_ARC = YES;
				CLANG_ENABLE_OBJC_WEAK = YES;
				CLANG_WARN_BLOCK_CAPTURE_AUTORELEASING = YES;
				CLANG_WARN_BOOL_CONVERSION = YES;
				CLANG_WARN_COMMA = YES;
				CLANG_WARN_CONSTANT_CONVERSION = YES;
				CLANG_WARN_DEPRECATED_OBJC_IMPLEMENTATIONS = YES;
				CLANG_WARN_DIRECT_OBJC_ISA_USAGE = YES_ERROR;
				CLANG_WARN_DOCUMENTATION_COMMENTS = YES;
				CLANG_WARN_EMPTY_BODY = YES;
				CLANG_WARN_ENUM_CONVERSION = YES;
				CLANG_WARN_INFINITE_RECURSION = YES;
				CLANG_WARN_INT_CONVERSION = YES;
				CLANG_WARN_NON_LITERAL_NULL_CONVERSION = YES;
				CLANG_WARN_OBJC_IMPLICIT_RETAIN_SELF = YES;
				CLANG_WARN_OBJC_LITERAL_CONVERSION = YES;
				CLANG_WARN_OBJC_ROOT_CLASS = YES_ERROR;
				CLANG_WARN_RANGE_LOOP_ANALYSIS = YES;
				CLANG_WARN_STRICT_PROTOTYPES = YES;
				CLANG_WARN_SUSPICIOUS_MOVE = YES;
				CLANG_WARN_UNGUARDED_AVAILABILITY = YES_AGGRESSIVE;
				CLANG_WARN_UNREACHABLE_CODE = YES;
				CLANG_WARN__DUPLICATE_METHOD_MATCH = YES;
				CODE_SIGN_IDENTITY = "iPhone Developer";
				COPY_PHASE_STRIP = NO;
				DEBUG_INFORMATION_FORMAT = dwarf;
				ENABLE_STRICT_OBJC_MSGSEND = YES;
				ENABLE_TESTABILITY = YES;
				GCC_C_LANGUAGE_STANDARD = gnu11;
				GCC_DYNAMIC_NO_PIC = NO;
				GCC_NO_COMMON_BLOCKS = YES;
				GCC_OPTIMIZATION_LEVEL = 0;
				GCC_PREPROCESSOR_DEFINITIONS = (
					"DEBUG=1",
					"$(inherited)",
				);
				GCC_WARN_64_TO_32_BIT_CONVERSION = YES;
				GCC_WARN_ABOUT_RETURN_TYPE = YES_ERROR;
				GCC_WARN_UNDECLARED_SELECTOR = YES;
				GCC_WARN_UNINITIALIZED_AUTOS = YES_AGGRESSIVE;
				GCC_WARN_UNUSED_FUNCTION = YES;
				GCC_WARN_UNUSED_VARIABLE = YES;
				IPHONEOS_DEPLOYMENT_TARGET = 12.2;
				MTL_ENABLE_DEBUG_INFO = INCLUDE_SOURCE;
				MTL_FAST_MATH = YES;
				ONLY_ACTIVE_ARCH = YES;
				SDKROOT = iphoneos;
				SWIFT_ACTIVE_COMPILATION_CONDITIONS = DEBUG;
				SWIFT_OPTIMIZATION_LEVEL = "-Onone";
			};
			name = Debug;
		};
		EFF38FFA2278902F00E8883C /* Release */ = {
			isa = XCBuildConfiguration;
			buildSettings = {
				ALWAYS_SEARCH_USER_PATHS = NO;
				CLANG_ANALYZER_NONNULL = YES;
				CLANG_ANALYZER_NUMBER_OBJECT_CONVERSION = YES_AGGRESSIVE;
				CLANG_CXX_LANGUAGE_STANDARD = "gnu++14";
				CLANG_CXX_LIBRARY = "libc++";
				CLANG_ENABLE_MODULES = YES;
				CLANG_ENABLE_OBJC_ARC = YES;
				CLANG_ENABLE_OBJC_WEAK = YES;
				CLANG_WARN_BLOCK_CAPTURE_AUTORELEASING = YES;
				CLANG_WARN_BOOL_CONVERSION = YES;
				CLANG_WARN_COMMA = YES;
				CLANG_WARN_CONSTANT_CONVERSION = YES;
				CLANG_WARN_DEPRECATED_OBJC_IMPLEMENTATIONS = YES;
				CLANG_WARN_DIRECT_OBJC_ISA_USAGE = YES_ERROR;
				CLANG_WARN_DOCUMENTATION_COMMENTS = YES;
				CLANG_WARN_EMPTY_BODY = YES;
				CLANG_WARN_ENUM_CONVERSION = YES;
				CLANG_WARN_INFINITE_RECURSION = YES;
				CLANG_WARN_INT_CONVERSION = YES;
				CLANG_WARN_NON_LITERAL_NULL_CONVERSION = YES;
				CLANG_WARN_OBJC_IMPLICIT_RETAIN_SELF = YES;
				CLANG_WARN_OBJC_LITERAL_CONVERSION = YES;
				CLANG_WARN_OBJC_ROOT_CLASS = YES_ERROR;
				CLANG_WARN_RANGE_LOOP_ANALYSIS = YES;
				CLANG_WARN_STRICT_PROTOTYPES = YES;
				CLANG_WARN_SUSPICIOUS_MOVE = YES;
				CLANG_WARN_UNGUARDED_AVAILABILITY = YES_AGGRESSIVE;
				CLANG_WARN_UNREACHABLE_CODE = YES;
				CLANG_WARN__DUPLICATE_METHOD_MATCH = YES;
				CODE_SIGN_IDENTITY = "iPhone Developer";
				COPY_PHASE_STRIP = NO;
				DEBUG_INFORMATION_FORMAT = "dwarf-with-dsym";
				ENABLE_NS_ASSERTIONS = NO;
				ENABLE_STRICT_OBJC_MSGSEND = YES;
				GCC_C_LANGUAGE_STANDARD = gnu11;
				GCC_NO_COMMON_BLOCKS = YES;
				GCC_WARN_64_TO_32_BIT_CONVERSION = YES;
				GCC_WARN_ABOUT_RETURN_TYPE = YES_ERROR;
				GCC_WARN_UNDECLARED_SELECTOR = YES;
				GCC_WARN_UNINITIALIZED_AUTOS = YES_AGGRESSIVE;
				GCC_WARN_UNUSED_FUNCTION = YES;
				GCC_WARN_UNUSED_VARIABLE = YES;
				IPHONEOS_DEPLOYMENT_TARGET = 12.2;
				MTL_ENABLE_DEBUG_INFO = NO;
				MTL_FAST_MATH = YES;
				SDKROOT = iphoneos;
				SWIFT_COMPILATION_MODE = wholemodule;
				SWIFT_OPTIMIZATION_LEVEL = "-O";
				VALIDATE_PRODUCT = YES;
			};
			name = Release;
		};
		EFF38FFC2278902F00E8883C /* Debug */ = {
			isa = XCBuildConfiguration;
			baseConfigurationReference = 3CAAF7F5521F34D9722B6EDE /* Pods-helpMaria.debug.xcconfig */;
			buildSettings = {
				ASSETCATALOG_COMPILER_APPICON_NAME = AppIcon;
				CODE_SIGN_STYLE = Automatic;
				DEVELOPMENT_TEAM = 83GYSW2QVF;
				INFOPLIST_FILE = helpMaria/Info.plist;
				IPHONEOS_DEPLOYMENT_TARGET = 11.0;
				LD_RUNPATH_SEARCH_PATHS = (
					"$(inherited)",
					"@executable_path/Frameworks",
				);
				PRODUCT_BUNDLE_IDENTIFIER = Pereirao.helpMaria;
				PRODUCT_NAME = "$(TARGET_NAME)";
				SWIFT_VERSION = 5.0;
				TARGETED_DEVICE_FAMILY = "1,2";
			};
			name = Debug;
		};
		EFF38FFD2278902F00E8883C /* Release */ = {
			isa = XCBuildConfiguration;
			baseConfigurationReference = 284E3E7D4276D13302681A18 /* Pods-helpMaria.release.xcconfig */;
			buildSettings = {
				ASSETCATALOG_COMPILER_APPICON_NAME = AppIcon;
				CODE_SIGN_STYLE = Automatic;
				DEVELOPMENT_TEAM = 83GYSW2QVF;
				INFOPLIST_FILE = helpMaria/Info.plist;
				IPHONEOS_DEPLOYMENT_TARGET = 11.0;
				LD_RUNPATH_SEARCH_PATHS = (
					"$(inherited)",
					"@executable_path/Frameworks",
				);
				PRODUCT_BUNDLE_IDENTIFIER = Pereirao.helpMaria;
				PRODUCT_NAME = "$(TARGET_NAME)";
				SWIFT_VERSION = 5.0;
				TARGETED_DEVICE_FAMILY = "1,2";
			};
			name = Release;
		};
		EFF38FFF2278902F00E8883C /* Debug */ = {
			isa = XCBuildConfiguration;
			baseConfigurationReference = B4F7084DD1A715A7717E3107 /* Pods-helpMariaTests.debug.xcconfig */;
			buildSettings = {
				ALWAYS_EMBED_SWIFT_STANDARD_LIBRARIES = YES;
				BUNDLE_LOADER = "$(TEST_HOST)";
				CODE_SIGN_STYLE = Automatic;
				DEVELOPMENT_TEAM = RLM7JB39FN;
				INFOPLIST_FILE = helpMariaTests/Info.plist;
				LD_RUNPATH_SEARCH_PATHS = (
					"$(inherited)",
					"@executable_path/Frameworks",
					"@loader_path/Frameworks",
				);
				PRODUCT_BUNDLE_IDENTIFIER = Pereirao.helpMariaTests;
				PRODUCT_NAME = "$(TARGET_NAME)";
				SWIFT_VERSION = 5.0;
				TARGETED_DEVICE_FAMILY = "1,2";
				TEST_HOST = "$(BUILT_PRODUCTS_DIR)/helpMaria.app/helpMaria";
			};
			name = Debug;
		};
		EFF390002278902F00E8883C /* Release */ = {
			isa = XCBuildConfiguration;
			baseConfigurationReference = 2AE8266335F670B7C407FEA7 /* Pods-helpMariaTests.release.xcconfig */;
			buildSettings = {
				ALWAYS_EMBED_SWIFT_STANDARD_LIBRARIES = YES;
				BUNDLE_LOADER = "$(TEST_HOST)";
				CODE_SIGN_STYLE = Automatic;
				DEVELOPMENT_TEAM = RLM7JB39FN;
				INFOPLIST_FILE = helpMariaTests/Info.plist;
				LD_RUNPATH_SEARCH_PATHS = (
					"$(inherited)",
					"@executable_path/Frameworks",
					"@loader_path/Frameworks",
				);
				PRODUCT_BUNDLE_IDENTIFIER = Pereirao.helpMariaTests;
				PRODUCT_NAME = "$(TARGET_NAME)";
				SWIFT_VERSION = 5.0;
				TARGETED_DEVICE_FAMILY = "1,2";
				TEST_HOST = "$(BUILT_PRODUCTS_DIR)/helpMaria.app/helpMaria";
			};
			name = Release;
		};
		EFF390022278902F00E8883C /* Debug */ = {
			isa = XCBuildConfiguration;
			baseConfigurationReference = 277017FA9DC6D6E21FABC12B /* Pods-helpMariaUITests.debug.xcconfig */;
			buildSettings = {
				ALWAYS_EMBED_SWIFT_STANDARD_LIBRARIES = YES;
				CODE_SIGN_STYLE = Automatic;
				DEVELOPMENT_TEAM = RLM7JB39FN;
				INFOPLIST_FILE = helpMariaUITests/Info.plist;
				LD_RUNPATH_SEARCH_PATHS = (
					"$(inherited)",
					"@executable_path/Frameworks",
					"@loader_path/Frameworks",
				);
				PRODUCT_BUNDLE_IDENTIFIER = Pereirao.helpMariaUITests;
				PRODUCT_NAME = "$(TARGET_NAME)";
				SWIFT_VERSION = 5.0;
				TARGETED_DEVICE_FAMILY = "1,2";
				TEST_TARGET_NAME = helpMaria;
			};
			name = Debug;
		};
		EFF390032278902F00E8883C /* Release */ = {
			isa = XCBuildConfiguration;
			baseConfigurationReference = 2761EAD04389E534AF7C8FEC /* Pods-helpMariaUITests.release.xcconfig */;
			buildSettings = {
				ALWAYS_EMBED_SWIFT_STANDARD_LIBRARIES = YES;
				CODE_SIGN_STYLE = Automatic;
				DEVELOPMENT_TEAM = RLM7JB39FN;
				INFOPLIST_FILE = helpMariaUITests/Info.plist;
				LD_RUNPATH_SEARCH_PATHS = (
					"$(inherited)",
					"@executable_path/Frameworks",
					"@loader_path/Frameworks",
				);
				PRODUCT_BUNDLE_IDENTIFIER = Pereirao.helpMariaUITests;
				PRODUCT_NAME = "$(TARGET_NAME)";
				SWIFT_VERSION = 5.0;
				TARGETED_DEVICE_FAMILY = "1,2";
				TEST_TARGET_NAME = helpMaria;
			};
			name = Release;
		};
/* End XCBuildConfiguration section */

/* Begin XCConfigurationList section */
		EFF38FCE2278902D00E8883C /* Build configuration list for PBXProject "helpMaria" */ = {
			isa = XCConfigurationList;
			buildConfigurations = (
				EFF38FF92278902F00E8883C /* Debug */,
				EFF38FFA2278902F00E8883C /* Release */,
			);
			defaultConfigurationIsVisible = 0;
			defaultConfigurationName = Release;
		};
		EFF38FFB2278902F00E8883C /* Build configuration list for PBXNativeTarget "helpMaria" */ = {
			isa = XCConfigurationList;
			buildConfigurations = (
				EFF38FFC2278902F00E8883C /* Debug */,
				EFF38FFD2278902F00E8883C /* Release */,
			);
			defaultConfigurationIsVisible = 0;
			defaultConfigurationName = Release;
		};
		EFF38FFE2278902F00E8883C /* Build configuration list for PBXNativeTarget "helpMariaTests" */ = {
			isa = XCConfigurationList;
			buildConfigurations = (
				EFF38FFF2278902F00E8883C /* Debug */,
				EFF390002278902F00E8883C /* Release */,
			);
			defaultConfigurationIsVisible = 0;
			defaultConfigurationName = Release;
		};
		EFF390012278902F00E8883C /* Build configuration list for PBXNativeTarget "helpMariaUITests" */ = {
			isa = XCConfigurationList;
			buildConfigurations = (
				EFF390022278902F00E8883C /* Debug */,
				EFF390032278902F00E8883C /* Release */,
			);
			defaultConfigurationIsVisible = 0;
			defaultConfigurationName = Release;
		};
/* End XCConfigurationList section */
	};
	rootObject = EFF38FCB2278902D00E8883C /* Project object */;
}
